{
  "originHash" : "471843a9ff974d28ebde92edf8c9dda26f4a33cd3aa9f46b7cd7b556ef86f918",
  "pins" : [
    {
      "identity" : "appstate",
      "kind" : "remoteSourceControl",
      "location" : "https://github.com/0xLeif/AppState.git",
      "state" : {
        "revision" : "6d47c27b489495430d19a7e6f2d91cb407d9f2bb",
        "version" : "1.16.0"
      }
    },
    {
      "identity" : "cache",
      "kind" : "remoteSourceControl",
      "location" : "https://github.com/0xLeif/Cache",
      "state" : {
        "revision" : "a535c68aab7bf0b42bda7a5de66b04f86e48c6e6",
        "version" : "2.1.0"
      }
    }
  ],
  "version" : 3
}
